SITE
  remote: http://community.opscode.com/api/v1
  specs:
    7-zip (1.0.2)
      windows (>= 1.2.2)
    apt (3.0.0)
    ark (1.0.1)
      build-essential (>= 0.0.0)
      seven_zip (>= 0.0.0)
      windows (>= 0.0.0)
    build-essential (2.3.1)
      7-zip (>= 0.0.0)
    chef_handler (1.3.0)
    chocolatey (0.6.2)
      windows (~> 1.38)
    dmg (2.3.0)
    git (4.3.7)
      build-essential (>= 0.0.0)
      dmg (>= 0.0.0)
      windows (>= 0.0.0)
      yum-epel (>= 0.0.0)
    homebrew (2.0.5)
      build-essential (>= 2.1.2)
    nodejs (2.4.4)
      apt (>= 0.0.0)
      ark (>= 0.0.0)
      build-essential (>= 0.0.0)
      homebrew (>= 0.0.0)
      yum-epel (>= 0.0.0)
    nvm (0.1.7)
      build-essential (>= 0.0.0)
      git (>= 0.0.0)
    seven_zip (2.0.0)
      windows (>= 1.2.2)
    windows (1.39.2)
      chef_handler (>= 0.0.0)
    yum (3.10.0)
    yum-epel (0.6.6)
      yum (~> 3.10.0)

PATH
  remote: la_cookbooks/fueled-atom
  specs:
    fueled-atom (0.1.0)
      fueled-core (>= 0.0.0)
      fueled-linux-apps (>= 0.0.0)
      fueled-linux-starter (>= 0.0.0)
      fueled-osx-apps (>= 0.0.0)
      fueled-windows-apps (>= 0.0.0)
      homebrew (>= 0.0.0)

PATH
  remote: la_cookbooks/fueled-chruby
  specs:
    fueled-chruby (0.1.0)
      apt (>= 0.0.0)
      fueled-zsh (>= 0.0.0)
      homebrew (>= 0.0.0)

PATH
  remote: la_cookbooks/fueled-core
  specs:
    fueled-core (0.1.0)

PATH
  remote: la_cookbooks/fueled-linux-apps
  specs:
    fueled-linux-apps (0.1.0)
      apt (>= 0.0.0)
      fueled-zsh (>= 0.0.0)
      nodejs (>= 0.0.0)

PATH
  remote: la_cookbooks/fueled-linux-starter
  specs:
    fueled-linux-starter (0.1.0)
      apt (>= 0.0.0)
      build-essential (>= 0.0.0)
      fueled-core (>= 0.0.0)

PATH
  remote: la_cookbooks/fueled-linux-station
  specs:
    fueled-linux-station (0.1.0)
      fueled-chruby (>= 0.0.0)
      fueled-core (>= 0.0.0)
      fueled-linux-apps (>= 0.0.0)
      fueled-linux-starter (>= 0.0.0)
      fueled-ssh (>= 0.0.0)
      fueled-sublime (>= 0.0.0)
      fueled-zsh (>= 0.0.0)

PATH
  remote: la_cookbooks/fueled-osx-apps
  specs:
    fueled-osx-apps (0.1.0)
      dmg (>= 0.0.0)
      fueled-core (>= 0.0.0)
      fueled-zsh (>= 0.0.0)
      homebrew (>= 0.0.0)

PATH
  remote: la_cookbooks/fueled-osx-build-tools
  specs:
    fueled-osx-build-tools (0.1.0)
      dmg (>= 0.0.0)
      fueled-core (>= 0.0.0)
      fueled-zsh (>= 0.0.0)

PATH
  remote: la_cookbooks/fueled-osx-station
  specs:
    fueled-osx-station (0.1.0)
      dmg (>= 0.0.0)
      fueled-atom (>= 0.0.0)
      fueled-chruby (>= 0.0.0)
      fueled-core (>= 0.0.0)
      fueled-osx-apps (>= 0.0.0)
      fueled-ssh (>= 0.0.0)
      fueled-sublime (>= 0.0.0)
      fueled-zsh (>= 0.0.0)
      homebrew (>= 0.0.0)

PATH
  remote: la_cookbooks/fueled-ssh
  specs:
    fueled-ssh (0.1.0)
      dmg (>= 0.0.0)
      fueled-core (>= 0.0.0)
      homebrew (>= 0.0.0)

PATH
  remote: la_cookbooks/fueled-sublime
  specs:
    fueled-sublime (0.1.0)
      dmg (>= 0.0.0)
      fueled-core (>= 0.0.0)
      fueled-windows-apps (>= 0.0.0)
      fueled-zsh (>= 0.0.0)

PATH
  remote: la_cookbooks/fueled-windows-apps
  specs:
    fueled-windows-apps (0.1.0)
      build-essential (>= 0.0.0)
      chocolatey (>= 0.0.0)
      fueled-core (>= 0.0.0)
      windows (>= 0.0.0)

PATH
  remote: la_cookbooks/fueled-windows-station
  specs:
    fueled-windows-station (0.1.0)
      fueled-atom (>= 0.0.0)
      fueled-chruby (>= 0.0.0)
      fueled-core (>= 0.0.0)
      fueled-sublime (>= 0.0.0)
      fueled-windows-apps (>= 0.0.0)

PATH
  remote: la_cookbooks/fueled-zsh
  specs:
    fueled-zsh (0.1.0)

DEPENDENCIES
  apt (>= 0)
  build-essential (>= 0)
  chocolatey (>= 0)
  dmg (>= 0)
  fueled-atom (>= 0)
  fueled-chruby (>= 0)
  fueled-core (>= 0)
  fueled-linux-apps (>= 0)
  fueled-linux-starter (>= 0)
  fueled-linux-station (>= 0)
  fueled-osx-apps (>= 0)
  fueled-osx-build-tools (>= 0)
  fueled-osx-station (>= 0)
  fueled-ssh (>= 0)
  fueled-sublime (>= 0)
  fueled-windows-apps (>= 0)
  fueled-windows-station (>= 0)
  fueled-zsh (>= 0)
  git (>= 0)
  homebrew (>= 0)
  nvm (>= 0)

