{
  "sources": {
    "nvm": {
      "path": "."
    },
    "apt": {
      "locked_version": "2.9.2"
    },
    "minitest-handler": {
      "locked_version": "0.2.1"
    },
    "nvm_test": {
      "path": "./test/cookbooks/nvm_test"
    },
    "build-essential": {
      "locked_version": "2.2.4"
    },
    "git": {
      "locked_version": "4.3.4"
    },
    "dmg": {
      "locked_version": "2.3.0"
    },
    "windows": {
      "locked_version": "1.38.2"
    },
    "chef_handler": {
      "locked_version": "1.2.0"
    },
    "yum-epel": {
      "locked_version": "0.6.4"
    },
    "yum": {
      "locked_version": "3.8.2"
    }
  }
}
